
Microsoft Visual Studio Solution File, Format Version 12.00
# Visual Studio 2012
Project("{FAE04EC0-301F-11D3-BF4B-00C04F79EFBC}") = "userAuth.cpl", "userAuth.cpl\userAuth.cpl.csproj", "{DD309F25-E69F-4EF6-9F3D-B2CA5A03456F}"
EndProject
Project("{FAE04EC0-301F-11D3-BF4B-00C04F79EFBC}") = "userAuth.cpl.Droid", "Droid\userAuth.cpl.Droid.csproj", "{A35277AD-3A71-4D6D-A660-8E03B4D1AEBA}"
EndProject
Project("{FAE04EC0-301F-11D3-BF4B-00C04F79EFBC}") = "userAuth.cpl.UITests", "UITests\userAuth.cpl.UITests.csproj", "{5B3C1F34-9393-4EE4-A03B-9064AD0D47D6}"
EndProject
Global
	GlobalSection(SolutionConfigurationPlatforms) = preSolution
		Debug|Any CPU = Debug|Any CPU
		Release|Any CPU = Release|Any CPU
	EndGlobalSection
	GlobalSection(ProjectConfigurationPlatforms) = postSolution
		{5B3C1F34-9393-4EE4-A03B-9064AD0D47D6}.Debug|Any CPU.ActiveCfg = Debug|Any CPU
		{5B3C1F34-9393-4EE4-A03B-9064AD0D47D6}.Debug|Any CPU.Build.0 = Debug|Any CPU
		{5B3C1F34-9393-4EE4-A03B-9064AD0D47D6}.Release|Any CPU.ActiveCfg = Release|Any CPU
		{5B3C1F34-9393-4EE4-A03B-9064AD0D47D6}.Release|Any CPU.Build.0 = Release|Any CPU
		{A35277AD-3A71-4D6D-A660-8E03B4D1AEBA}.Debug|Any CPU.ActiveCfg = Debug|Any CPU
		{A35277AD-3A71-4D6D-A660-8E03B4D1AEBA}.Debug|Any CPU.Build.0 = Debug|Any CPU
		{A35277AD-3A71-4D6D-A660-8E03B4D1AEBA}.Release|Any CPU.ActiveCfg = Release|Any CPU
		{A35277AD-3A71-4D6D-A660-8E03B4D1AEBA}.Release|Any CPU.Build.0 = Release|Any CPU
		{DD309F25-E69F-4EF6-9F3D-B2CA5A03456F}.Debug|Any CPU.ActiveCfg = Debug|Any CPU
		{DD309F25-E69F-4EF6-9F3D-B2CA5A03456F}.Debug|Any CPU.Build.0 = Debug|Any CPU
		{DD309F25-E69F-4EF6-9F3D-B2CA5A03456F}.Release|Any CPU.ActiveCfg = Release|Any CPU
		{DD309F25-E69F-4EF6-9F3D-B2CA5A03456F}.Release|Any CPU.Build.0 = Release|Any CPU
	EndGlobalSection
EndGlobal
